
Microsoft Visual Studio Solution File, Format Version 12.00
# Visual Studio Version 16
VisualStudioVersion = 16.0.31005.135
MinimumVisualStudioVersion = 10.0.40219.1
Project("{FAE04EC0-301F-11D3-BF4B-00C04F79EFBC}") = "AdvertisementMessage", "AdvertisementMessage\AdvertisementMessage.csproj", "{6C83D5E3-58AA-4676-B6BD-5A8C404A07BC}"
EndProject
Project("{FAE04EC0-301F-11D3-BF4B-00C04F79EFBC}") = "Articles", "Articles\Articles.csproj", "{4242DDAE-9B3B-4AA0-8158-AA0BE617DAE6}"
EndProject
Project("{FAE04EC0-301F-11D3-BF4B-00C04F79EFBC}") = "Articles2", "Articles2.0\Articles2.csproj", "{4B0CF64C-CF54-428D-A2BA-4133648B085F}"
EndProject
Project("{FAE04EC0-301F-11D3-BF4B-00C04F79EFBC}") = "Students", "Students\Students.csproj", "{D1FE9F9E-4F78-4CF2-8F77-BF4089F150C0}"
EndProject
Project("{FAE04EC0-301F-11D3-BF4B-00C04F79EFBC}") = "TeamworkProjects", "TeamworkProjects\TeamworkProjects.csproj", "{36A8655B-75E7-4293-A08C-BAE7C37C097F}"
EndProject
Global
	GlobalSection(SolutionConfigurationPlatforms) = preSolution
		Debug|Any CPU = Debug|Any CPU
		Release|Any CPU = Release|Any CPU
	EndGlobalSection
	GlobalSection(ProjectConfigurationPlatforms) = postSolution
		{6C83D5E3-58AA-4676-B6BD-5A8C404A07BC}.Debug|Any CPU.ActiveCfg = Debug|Any CPU
		{6C83D5E3-58AA-4676-B6BD-5A8C404A07BC}.Debug|Any CPU.Build.0 = Debug|Any CPU
		{6C83D5E3-58AA-4676-B6BD-5A8C404A07BC}.Release|Any CPU.ActiveCfg = Release|Any CPU
		{6C83D5E3-58AA-4676-B6BD-5A8C404A07BC}.Release|Any CPU.Build.0 = Release|Any CPU
		{4242DDAE-9B3B-4AA0-8158-AA0BE617DAE6}.Debug|Any CPU.ActiveCfg = Debug|Any CPU
		{4242DDAE-9B3B-4AA0-8158-AA0BE617DAE6}.Debug|Any CPU.Build.0 = Debug|Any CPU
		{4242DDAE-9B3B-4AA0-8158-AA0BE617DAE6}.Release|Any CPU.ActiveCfg = Release|Any CPU
		{4242DDAE-9B3B-4AA0-8158-AA0BE617DAE6}.Release|Any CPU.Build.0 = Release|Any CPU
		{4B0CF64C-CF54-428D-A2BA-4133648B085F}.Debug|Any CPU.ActiveCfg = Debug|Any CPU
		{4B0CF64C-CF54-428D-A2BA-4133648B085F}.Debug|Any CPU.Build.0 = Debug|Any CPU
		{4B0CF64C-CF54-428D-A2BA-4133648B085F}.Release|Any CPU.ActiveCfg = Release|Any CPU
		{4B0CF64C-CF54-428D-A2BA-4133648B085F}.Release|Any CPU.Build.0 = Release|Any CPU
		{D1FE9F9E-4F78-4CF2-8F77-BF4089F150C0}.Debug|Any CPU.ActiveCfg = Debug|Any CPU
		{D1FE9F9E-4F78-4CF2-8F77-BF4089F150C0}.Debug|Any CPU.Build.0 = Debug|Any CPU
		{D1FE9F9E-4F78-4CF2-8F77-BF4089F150C0}.Release|Any CPU.ActiveCfg = Release|Any CPU
		{D1FE9F9E-4F78-4CF2-8F77-BF4089F150C0}.Release|Any CPU.Build.0 = Release|Any CPU
		{36A8655B-75E7-4293-A08C-BAE7C37C097F}.Debug|Any CPU.ActiveCfg = Debug|Any CPU
		{36A8655B-75E7-4293-A08C-BAE7C37C097F}.Debug|Any CPU.Build.0 = Debug|Any CPU
		{36A8655B-75E7-4293-A08C-BAE7C37C097F}.Release|Any CPU.ActiveCfg = Release|Any CPU
		{36A8655B-75E7-4293-A08C-BAE7C37C097F}.Release|Any CPU.Build.0 = Release|Any CPU
	EndGlobalSection
	GlobalSection(SolutionProperties) = preSolution
		HideSolutionNode = FALSE
	EndGlobalSection
	GlobalSection(ExtensibilityGlobals) = postSolution
		SolutionGuid = {9110FF2D-767D-4842-92C8-D1C4E605C21C}
	EndGlobalSection
EndGlobal
