
Microsoft Visual Studio Solution File, Format Version 12.00
# Visual Studio Version 16
VisualStudioVersion = 16.0.30011.22
MinimumVisualStudioVersion = 10.0.40219.1
Project("{9A19103F-16F7-4668-BE54-9A1E7A4F7556}") = "FirstTask", "First_task\FirstTask.csproj", "{56247406-1612-43A7-A6D1-216BC4592DAD}"
EndProject
Project("{9A19103F-16F7-4668-BE54-9A1E7A4F7556}") = "Grades", "Grades\Grades.csproj", "{A38609B6-D29F-4CE7-9CD3-7AD84CA3C1D1}"
EndProject
Project("{9A19103F-16F7-4668-BE54-9A1E7A4F7556}") = "Calculations", "Calculations\Calculations.csproj", "{ED8CE65D-EE42-4752-BCEC-957810E90D58}"
EndProject
Project("{9A19103F-16F7-4668-BE54-9A1E7A4F7556}") = "PrintTriangle", "Print_triangle\PrintTriangle.csproj", "{B1AEEF19-54E0-49DD-9A49-894B38C3794A}"
EndProject
Project("{9A19103F-16F7-4668-BE54-9A1E7A4F7556}") = "Orders", "Orders\Orders.csproj", "{FF93F69E-749B-4F7E-8218-16DDFA226BC6}"
EndProject
Project("{9A19103F-16F7-4668-BE54-9A1E7A4F7556}") = "CalculateRectangleArea", "Calculate_rectangle_area\CalculateRectangleArea.csproj", "{8BFEA989-97EC-4C8D-88AF-9822F583B12F}"
EndProject
Project("{9A19103F-16F7-4668-BE54-9A1E7A4F7556}") = "RepeatingString", "Repeating_string\RepeatingString.csproj", "{5B877A1A-76CF-47DC-BD07-DE238987DC6A}"
EndProject
Project("{9A19103F-16F7-4668-BE54-9A1E7A4F7556}") = "Power", "Power\Power.csproj", "{B5CCB47D-F1A5-442F-9AF3-87A639257D94}"
EndProject
Project("{9A19103F-16F7-4668-BE54-9A1E7A4F7556}") = "GreaterValues", "Greater_values\GreaterValues.csproj", "{B82027EA-1035-4B93-A493-B0165D419951}"
EndProject
Project("{9A19103F-16F7-4668-BE54-9A1E7A4F7556}") = "MultiplyEvenByOdds", "Multiply_even_by_odds\MultiplyEvenByOdds.csproj", "{46489EE1-AFF9-4534-A76B-10226B664DAE}"
EndProject
Project("{9A19103F-16F7-4668-BE54-9A1E7A4F7556}") = "SmallestOfNumbers", "Smallest_of_numbers\SmallestOfNumbers.csproj", "{A373F76E-88E4-4B1C-92DE-33C2EBF2AA2A}"
EndProject
Project("{9A19103F-16F7-4668-BE54-9A1E7A4F7556}") = "VowelsCount", "Vowels_Count\VowelsCount.csproj", "{4D671A85-9F88-4234-BA1E-1B597D19BB30}"
EndProject
Project("{9A19103F-16F7-4668-BE54-9A1E7A4F7556}") = "CharactersInRange", "Characters_in_range\CharactersInRange.csproj", "{752E846D-10D2-48C4-B791-E71C700F79E6}"
EndProject
Project("{9A19103F-16F7-4668-BE54-9A1E7A4F7556}") = "PasswordValidator", "Password_Validator\PasswordValidator.csproj", "{4962F4C3-49C1-4DE8-B775-2FDA3BE29540}"
EndProject
Project("{9A19103F-16F7-4668-BE54-9A1E7A4F7556}") = "AddSubtract", "Add_subtract\AddSubtract.csproj", "{A86A16BD-930A-4C63-8334-0222868E0BC9}"
EndProject
Project("{9A19103F-16F7-4668-BE54-9A1E7A4F7556}") = "MiddleCharacters", "Middle_characters\MiddleCharacters.csproj", "{EA523A76-D6EF-4298-A7DF-473D9354FB33}"
EndProject
Project("{9A19103F-16F7-4668-BE54-9A1E7A4F7556}") = "NxNMatrix", "NxN_matrix\NxNMatrix.csproj", "{0A7144DF-69AD-4944-BC4E-2B7188327876}"
EndProject
Project("{9A19103F-16F7-4668-BE54-9A1E7A4F7556}") = "FactorialDivision", "Factorial_division\FactorialDivision.csproj", "{73E5F3CD-C213-4249-A20D-CD44D2F911F4}"
EndProject
Project("{9A19103F-16F7-4668-BE54-9A1E7A4F7556}") = "PalindromeInteger", "Palindrome_integer\PalindromeInteger.csproj", "{9CDB8CF2-4D5A-4C09-B4EE-6F27BF332FCE}"
EndProject
Project("{9A19103F-16F7-4668-BE54-9A1E7A4F7556}") = "TopNumber", "Top_number\TopNumber.csproj", "{E8C1369E-8063-49BA-8FD2-DE06470EA723}"
EndProject
Project("{9A19103F-16F7-4668-BE54-9A1E7A4F7556}") = "ArrayManipulator", "Array_manipulator\ArrayManipulator.csproj", "{6F63BEBA-2705-43C3-B10D-16609D098C10}"
EndProject
Project("{9A19103F-16F7-4668-BE54-9A1E7A4F7556}") = "LastExerciseTask", "Last_Exercise_task\LastExerciseTask.csproj", "{FFA4092D-C922-4214-9CB6-9B4CAE83074D}"
EndProject
Project("{9A19103F-16F7-4668-BE54-9A1E7A4F7556}") = "LongestLine", "Longest_line\LongestLine.csproj", "{0AE4D860-57B0-495A-A491-DE65F1996D93}"
EndProject
Project("{9A19103F-16F7-4668-BE54-9A1E7A4F7556}") = "TribonacciSequence", "Tribonacci_sequence\TribonacciSequence.csproj", "{E61231BD-6592-4FEC-A307-4F063C8E3241}"
EndProject
Project("{9A19103F-16F7-4668-BE54-9A1E7A4F7556}") = "MultiplicationSign", "Multiplication_sign\MultiplicationSign.csproj", "{4C91F7A4-1C36-4F81-A63B-CBACF56E5267}"
EndProject
Global
	GlobalSection(SolutionConfigurationPlatforms) = preSolution
		Debug|Any CPU = Debug|Any CPU
		Release|Any CPU = Release|Any CPU
	EndGlobalSection
	GlobalSection(ProjectConfigurationPlatforms) = postSolution
		{56247406-1612-43A7-A6D1-216BC4592DAD}.Debug|Any CPU.ActiveCfg = Debug|Any CPU
		{56247406-1612-43A7-A6D1-216BC4592DAD}.Debug|Any CPU.Build.0 = Debug|Any CPU
		{56247406-1612-43A7-A6D1-216BC4592DAD}.Release|Any CPU.ActiveCfg = Release|Any CPU
		{56247406-1612-43A7-A6D1-216BC4592DAD}.Release|Any CPU.Build.0 = Release|Any CPU
		{A38609B6-D29F-4CE7-9CD3-7AD84CA3C1D1}.Debug|Any CPU.ActiveCfg = Debug|Any CPU
		{A38609B6-D29F-4CE7-9CD3-7AD84CA3C1D1}.Debug|Any CPU.Build.0 = Debug|Any CPU
		{A38609B6-D29F-4CE7-9CD3-7AD84CA3C1D1}.Release|Any CPU.ActiveCfg = Release|Any CPU
		{A38609B6-D29F-4CE7-9CD3-7AD84CA3C1D1}.Release|Any CPU.Build.0 = Release|Any CPU
		{ED8CE65D-EE42-4752-BCEC-957810E90D58}.Debug|Any CPU.ActiveCfg = Debug|Any CPU
		{ED8CE65D-EE42-4752-BCEC-957810E90D58}.Debug|Any CPU.Build.0 = Debug|Any CPU
		{ED8CE65D-EE42-4752-BCEC-957810E90D58}.Release|Any CPU.ActiveCfg = Release|Any CPU
		{ED8CE65D-EE42-4752-BCEC-957810E90D58}.Release|Any CPU.Build.0 = Release|Any CPU
		{B1AEEF19-54E0-49DD-9A49-894B38C3794A}.Debug|Any CPU.ActiveCfg = Debug|Any CPU
		{B1AEEF19-54E0-49DD-9A49-894B38C3794A}.Debug|Any CPU.Build.0 = Debug|Any CPU
		{B1AEEF19-54E0-49DD-9A49-894B38C3794A}.Release|Any CPU.ActiveCfg = Release|Any CPU
		{B1AEEF19-54E0-49DD-9A49-894B38C3794A}.Release|Any CPU.Build.0 = Release|Any CPU
		{FF93F69E-749B-4F7E-8218-16DDFA226BC6}.Debug|Any CPU.ActiveCfg = Debug|Any CPU
		{FF93F69E-749B-4F7E-8218-16DDFA226BC6}.Debug|Any CPU.Build.0 = Debug|Any CPU
		{FF93F69E-749B-4F7E-8218-16DDFA226BC6}.Release|Any CPU.ActiveCfg = Release|Any CPU
		{FF93F69E-749B-4F7E-8218-16DDFA226BC6}.Release|Any CPU.Build.0 = Release|Any CPU
		{8BFEA989-97EC-4C8D-88AF-9822F583B12F}.Debug|Any CPU.ActiveCfg = Debug|Any CPU
		{8BFEA989-97EC-4C8D-88AF-9822F583B12F}.Debug|Any CPU.Build.0 = Debug|Any CPU
		{8BFEA989-97EC-4C8D-88AF-9822F583B12F}.Release|Any CPU.ActiveCfg = Release|Any CPU
		{8BFEA989-97EC-4C8D-88AF-9822F583B12F}.Release|Any CPU.Build.0 = Release|Any CPU
		{5B877A1A-76CF-47DC-BD07-DE238987DC6A}.Debug|Any CPU.ActiveCfg = Debug|Any CPU
		{5B877A1A-76CF-47DC-BD07-DE238987DC6A}.Debug|Any CPU.Build.0 = Debug|Any CPU
		{5B877A1A-76CF-47DC-BD07-DE238987DC6A}.Release|Any CPU.ActiveCfg = Release|Any CPU
		{5B877A1A-76CF-47DC-BD07-DE238987DC6A}.Release|Any CPU.Build.0 = Release|Any CPU
		{B5CCB47D-F1A5-442F-9AF3-87A639257D94}.Debug|Any CPU.ActiveCfg = Debug|Any CPU
		{B5CCB47D-F1A5-442F-9AF3-87A639257D94}.Debug|Any CPU.Build.0 = Debug|Any CPU
		{B5CCB47D-F1A5-442F-9AF3-87A639257D94}.Release|Any CPU.ActiveCfg = Release|Any CPU
		{B5CCB47D-F1A5-442F-9AF3-87A639257D94}.Release|Any CPU.Build.0 = Release|Any CPU
		{B82027EA-1035-4B93-A493-B0165D419951}.Debug|Any CPU.ActiveCfg = Debug|Any CPU
		{B82027EA-1035-4B93-A493-B0165D419951}.Debug|Any CPU.Build.0 = Debug|Any CPU
		{B82027EA-1035-4B93-A493-B0165D419951}.Release|Any CPU.ActiveCfg = Release|Any CPU
		{B82027EA-1035-4B93-A493-B0165D419951}.Release|Any CPU.Build.0 = Release|Any CPU
		{46489EE1-AFF9-4534-A76B-10226B664DAE}.Debug|Any CPU.ActiveCfg = Debug|Any CPU
		{46489EE1-AFF9-4534-A76B-10226B664DAE}.Debug|Any CPU.Build.0 = Debug|Any CPU
		{46489EE1-AFF9-4534-A76B-10226B664DAE}.Release|Any CPU.ActiveCfg = Release|Any CPU
		{46489EE1-AFF9-4534-A76B-10226B664DAE}.Release|Any CPU.Build.0 = Release|Any CPU
		{A373F76E-88E4-4B1C-92DE-33C2EBF2AA2A}.Debug|Any CPU.ActiveCfg = Debug|Any CPU
		{A373F76E-88E4-4B1C-92DE-33C2EBF2AA2A}.Debug|Any CPU.Build.0 = Debug|Any CPU
		{A373F76E-88E4-4B1C-92DE-33C2EBF2AA2A}.Release|Any CPU.ActiveCfg = Release|Any CPU
		{A373F76E-88E4-4B1C-92DE-33C2EBF2AA2A}.Release|Any CPU.Build.0 = Release|Any CPU
		{4D671A85-9F88-4234-BA1E-1B597D19BB30}.Debug|Any CPU.ActiveCfg = Debug|Any CPU
		{4D671A85-9F88-4234-BA1E-1B597D19BB30}.Debug|Any CPU.Build.0 = Debug|Any CPU
		{4D671A85-9F88-4234-BA1E-1B597D19BB30}.Release|Any CPU.ActiveCfg = Release|Any CPU
		{4D671A85-9F88-4234-BA1E-1B597D19BB30}.Release|Any CPU.Build.0 = Release|Any CPU
		{752E846D-10D2-48C4-B791-E71C700F79E6}.Debug|Any CPU.ActiveCfg = Debug|Any CPU
		{752E846D-10D2-48C4-B791-E71C700F79E6}.Debug|Any CPU.Build.0 = Debug|Any CPU
		{752E846D-10D2-48C4-B791-E71C700F79E6}.Release|Any CPU.ActiveCfg = Release|Any CPU
		{752E846D-10D2-48C4-B791-E71C700F79E6}.Release|Any CPU.Build.0 = Release|Any CPU
		{4962F4C3-49C1-4DE8-B775-2FDA3BE29540}.Debug|Any CPU.ActiveCfg = Debug|Any CPU
		{4962F4C3-49C1-4DE8-B775-2FDA3BE29540}.Debug|Any CPU.Build.0 = Debug|Any CPU
		{4962F4C3-49C1-4DE8-B775-2FDA3BE29540}.Release|Any CPU.ActiveCfg = Release|Any CPU
		{4962F4C3-49C1-4DE8-B775-2FDA3BE29540}.Release|Any CPU.Build.0 = Release|Any CPU
		{A86A16BD-930A-4C63-8334-0222868E0BC9}.Debug|Any CPU.ActiveCfg = Debug|Any CPU
		{A86A16BD-930A-4C63-8334-0222868E0BC9}.Debug|Any CPU.Build.0 = Debug|Any CPU
		{A86A16BD-930A-4C63-8334-0222868E0BC9}.Release|Any CPU.ActiveCfg = Release|Any CPU
		{A86A16BD-930A-4C63-8334-0222868E0BC9}.Release|Any CPU.Build.0 = Release|Any CPU
		{EA523A76-D6EF-4298-A7DF-473D9354FB33}.Debug|Any CPU.ActiveCfg = Debug|Any CPU
		{EA523A76-D6EF-4298-A7DF-473D9354FB33}.Debug|Any CPU.Build.0 = Debug|Any CPU
		{EA523A76-D6EF-4298-A7DF-473D9354FB33}.Release|Any CPU.ActiveCfg = Release|Any CPU
		{EA523A76-D6EF-4298-A7DF-473D9354FB33}.Release|Any CPU.Build.0 = Release|Any CPU
		{0A7144DF-69AD-4944-BC4E-2B7188327876}.Debug|Any CPU.ActiveCfg = Debug|Any CPU
		{0A7144DF-69AD-4944-BC4E-2B7188327876}.Debug|Any CPU.Build.0 = Debug|Any CPU
		{0A7144DF-69AD-4944-BC4E-2B7188327876}.Release|Any CPU.ActiveCfg = Release|Any CPU
		{0A7144DF-69AD-4944-BC4E-2B7188327876}.Release|Any CPU.Build.0 = Release|Any CPU
		{73E5F3CD-C213-4249-A20D-CD44D2F911F4}.Debug|Any CPU.ActiveCfg = Debug|Any CPU
		{73E5F3CD-C213-4249-A20D-CD44D2F911F4}.Debug|Any CPU.Build.0 = Debug|Any CPU
		{73E5F3CD-C213-4249-A20D-CD44D2F911F4}.Release|Any CPU.ActiveCfg = Release|Any CPU
		{73E5F3CD-C213-4249-A20D-CD44D2F911F4}.Release|Any CPU.Build.0 = Release|Any CPU
		{9CDB8CF2-4D5A-4C09-B4EE-6F27BF332FCE}.Debug|Any CPU.ActiveCfg = Debug|Any CPU
		{9CDB8CF2-4D5A-4C09-B4EE-6F27BF332FCE}.Debug|Any CPU.Build.0 = Debug|Any CPU
		{9CDB8CF2-4D5A-4C09-B4EE-6F27BF332FCE}.Release|Any CPU.ActiveCfg = Release|Any CPU
		{9CDB8CF2-4D5A-4C09-B4EE-6F27BF332FCE}.Release|Any CPU.Build.0 = Release|Any CPU
		{E8C1369E-8063-49BA-8FD2-DE06470EA723}.Debug|Any CPU.ActiveCfg = Debug|Any CPU
		{E8C1369E-8063-49BA-8FD2-DE06470EA723}.Debug|Any CPU.Build.0 = Debug|Any CPU
		{E8C1369E-8063-49BA-8FD2-DE06470EA723}.Release|Any CPU.ActiveCfg = Release|Any CPU
		{E8C1369E-8063-49BA-8FD2-DE06470EA723}.Release|Any CPU.Build.0 = Release|Any CPU
		{6F63BEBA-2705-43C3-B10D-16609D098C10}.Debug|Any CPU.ActiveCfg = Debug|Any CPU
		{6F63BEBA-2705-43C3-B10D-16609D098C10}.Debug|Any CPU.Build.0 = Debug|Any CPU
		{6F63BEBA-2705-43C3-B10D-16609D098C10}.Release|Any CPU.ActiveCfg = Release|Any CPU
		{6F63BEBA-2705-43C3-B10D-16609D098C10}.Release|Any CPU.Build.0 = Release|Any CPU
		{FFA4092D-C922-4214-9CB6-9B4CAE83074D}.Debug|Any CPU.ActiveCfg = Debug|Any CPU
		{FFA4092D-C922-4214-9CB6-9B4CAE83074D}.Debug|Any CPU.Build.0 = Debug|Any CPU
		{FFA4092D-C922-4214-9CB6-9B4CAE83074D}.Release|Any CPU.ActiveCfg = Release|Any CPU
		{FFA4092D-C922-4214-9CB6-9B4CAE83074D}.Release|Any CPU.Build.0 = Release|Any CPU
		{0AE4D860-57B0-495A-A491-DE65F1996D93}.Debug|Any CPU.ActiveCfg = Debug|Any CPU
		{0AE4D860-57B0-495A-A491-DE65F1996D93}.Debug|Any CPU.Build.0 = Debug|Any CPU
		{0AE4D860-57B0-495A-A491-DE65F1996D93}.Release|Any CPU.ActiveCfg = Release|Any CPU
		{0AE4D860-57B0-495A-A491-DE65F1996D93}.Release|Any CPU.Build.0 = Release|Any CPU
		{E61231BD-6592-4FEC-A307-4F063C8E3241}.Debug|Any CPU.ActiveCfg = Debug|Any CPU
		{E61231BD-6592-4FEC-A307-4F063C8E3241}.Debug|Any CPU.Build.0 = Debug|Any CPU
		{E61231BD-6592-4FEC-A307-4F063C8E3241}.Release|Any CPU.ActiveCfg = Release|Any CPU
		{E61231BD-6592-4FEC-A307-4F063C8E3241}.Release|Any CPU.Build.0 = Release|Any CPU
		{4C91F7A4-1C36-4F81-A63B-CBACF56E5267}.Debug|Any CPU.ActiveCfg = Debug|Any CPU
		{4C91F7A4-1C36-4F81-A63B-CBACF56E5267}.Debug|Any CPU.Build.0 = Debug|Any CPU
		{4C91F7A4-1C36-4F81-A63B-CBACF56E5267}.Release|Any CPU.ActiveCfg = Release|Any CPU
		{4C91F7A4-1C36-4F81-A63B-CBACF56E5267}.Release|Any CPU.Build.0 = Release|Any CPU
	EndGlobalSection
	GlobalSection(SolutionProperties) = preSolution
		HideSolutionNode = FALSE
	EndGlobalSection
	GlobalSection(ExtensibilityGlobals) = postSolution
		SolutionGuid = {E78A92FD-4A57-4CA8-B16C-4439A52EE73D}
	EndGlobalSection
EndGlobal
